
Microsoft Visual Studio Solution File, Format Version 12.00
Project("{2150E333-8FDC-42A3-9474-1A3956D46DE8}") = "src", "src", "{827E0CD3-B72D-47B6-A68D-7590B98EB39B}"
EndProject
Project("{FAE04EC0-301F-11D3-BF4B-00C04F79EFBC}") = "HairyPaws.Api", "src\HairyPaws.Api\HairyPaws.Api.csproj", "{2D123E21-8275-489F-8580-EC24471909C1}"
EndProject
Project("{FAE04EC0-301F-11D3-BF4B-00C04F79EFBC}") = "HairyPaws.Application", "src\HairyPaws.Application\HairyPaws.Application.csproj", "{A2CEBD0A-3A8D-4CF6-AA99-C9E5C851119F}"
EndProject
Project("{FAE04EC0-301F-11D3-BF4B-00C04F79EFBC}") = "HairyPaws.Domain", "src\HairyPaws.Domain\HairyPaws.Domain.csproj", "{1334C90B-318E-4E24-81FE-A32C82F1FC07}"
EndProject
Project("{FAE04EC0-301F-11D3-BF4B-00C04F79EFBC}") = "HairyPaws.Infrastructure", "src\HairyPaws.Infrastructure\HairyPaws.Infrastructure.csproj", "{B1AF5C6B-C1D4-4ED0-BFE8-7E5D82580CB8}"
EndProject
Project("{FAE04EC0-301F-11D3-BF4B-00C04F79EFBC}") = "HairyPaws.Contracts", "src\HairyPaws.Contracts\HairyPaws.Contracts.csproj", "{98E7D849-ECEC-4ED6-92BB-6C930744CA9D}"
EndProject
Project("{2150E333-8FDC-42A3-9474-1A3956D46DE8}") = "tests", "tests", "{0AB3BF05-4346-4AA6-1389-037BE0695223}"
EndProject
Project("{FAE04EC0-301F-11D3-BF4B-00C04F79EFBC}") = "HairyPaws.Tests.Unit", "tests\HairyPaws.Tests.Unit\HairyPaws.Tests.Unit.csproj", "{4128CF9F-B550-4F03-87BB-95B39DD7FAF7}"
EndProject
Project("{FAE04EC0-301F-11D3-BF4B-00C04F79EFBC}") = "HairyPaws.Tests.Integration", "tests\HairyPaws.Tests.Integration\HairyPaws.Tests.Integration.csproj", "{6C82E365-BC96-4EBB-B04A-1654D05A6391}"
EndProject
Global
	GlobalSection(SolutionConfigurationPlatforms) = preSolution
		Debug|Any CPU = Debug|Any CPU
		Debug|x64 = Debug|x64
		Debug|x86 = Debug|x86
		Release|Any CPU = Release|Any CPU
		Release|x64 = Release|x64
		Release|x86 = Release|x86
	EndGlobalSection
	GlobalSection(ProjectConfigurationPlatforms) = postSolution
		{2D123E21-8275-489F-8580-EC24471909C1}.Debug|Any CPU.ActiveCfg = Debug|Any CPU
		{2D123E21-8275-489F-8580-EC24471909C1}.Debug|Any CPU.Build.0 = Debug|Any CPU
		{2D123E21-8275-489F-8580-EC24471909C1}.Debug|x64.ActiveCfg = Debug|Any CPU
		{2D123E21-8275-489F-8580-EC24471909C1}.Debug|x64.Build.0 = Debug|Any CPU
		{2D123E21-8275-489F-8580-EC24471909C1}.Debug|x86.ActiveCfg = Debug|Any CPU
		{2D123E21-8275-489F-8580-EC24471909C1}.Debug|x86.Build.0 = Debug|Any CPU
		{2D123E21-8275-489F-8580-EC24471909C1}.Release|Any CPU.ActiveCfg = Release|Any CPU
		{2D123E21-8275-489F-8580-EC24471909C1}.Release|Any CPU.Build.0 = Release|Any CPU
		{2D123E21-8275-489F-8580-EC24471909C1}.Release|x64.ActiveCfg = Release|Any CPU
		{2D123E21-8275-489F-8580-EC24471909C1}.Release|x64.Build.0 = Release|Any CPU
		{2D123E21-8275-489F-8580-EC24471909C1}.Release|x86.ActiveCfg = Release|Any CPU
		{2D123E21-8275-489F-8580-EC24471909C1}.Release|x86.Build.0 = Release|Any CPU
		{A2CEBD0A-3A8D-4CF6-AA99-C9E5C851119F}.Debug|Any CPU.ActiveCfg = Debug|Any CPU
		{A2CEBD0A-3A8D-4CF6-AA99-C9E5C851119F}.Debug|Any CPU.Build.0 = Debug|Any CPU
		{A2CEBD0A-3A8D-4CF6-AA99-C9E5C851119F}.Debug|x64.ActiveCfg = Debug|Any CPU
		{A2CEBD0A-3A8D-4CF6-AA99-C9E5C851119F}.Debug|x64.Build.0 = Debug|Any CPU
		{A2CEBD0A-3A8D-4CF6-AA99-C9E5C851119F}.Debug|x86.ActiveCfg = Debug|Any CPU
		{A2CEBD0A-3A8D-4CF6-AA99-C9E5C851119F}.Debug|x86.Build.0 = Debug|Any CPU
		{A2CEBD0A-3A8D-4CF6-AA99-C9E5C851119F}.Release|Any CPU.ActiveCfg = Release|Any CPU
		{A2CEBD0A-3A8D-4CF6-AA99-C9E5C851119F}.Release|Any CPU.Build.0 = Release|Any CPU
		{A2CEBD0A-3A8D-4CF6-AA99-C9E5C851119F}.Release|x64.ActiveCfg = Release|Any CPU
		{A2CEBD0A-3A8D-4CF6-AA99-C9E5C851119F}.Release|x64.Build.0 = Release|Any CPU
		{A2CEBD0A-3A8D-4CF6-AA99-C9E5C851119F}.Release|x86.ActiveCfg = Release|Any CPU
		{A2CEBD0A-3A8D-4CF6-AA99-C9E5C851119F}.Release|x86.Build.0 = Release|Any CPU
		{1334C90B-318E-4E24-81FE-A32C82F1FC07}.Debug|Any CPU.ActiveCfg = Debug|Any CPU
		{1334C90B-318E-4E24-81FE-A32C82F1FC07}.Debug|Any CPU.Build.0 = Debug|Any CPU
		{1334C90B-318E-4E24-81FE-A32C82F1FC07}.Debug|x64.ActiveCfg = Debug|Any CPU
		{1334C90B-318E-4E24-81FE-A32C82F1FC07}.Debug|x64.Build.0 = Debug|Any CPU
		{1334C90B-318E-4E24-81FE-A32C82F1FC07}.Debug|x86.ActiveCfg = Debug|Any CPU
		{1334C90B-318E-4E24-81FE-A32C82F1FC07}.Debug|x86.Build.0 = Debug|Any CPU
		{1334C90B-318E-4E24-81FE-A32C82F1FC07}.Release|Any CPU.ActiveCfg = Release|Any CPU
		{1334C90B-318E-4E24-81FE-A32C82F1FC07}.Release|Any CPU.Build.0 = Release|Any CPU
		{1334C90B-318E-4E24-81FE-A32C82F1FC07}.Release|x64.ActiveCfg = Release|Any CPU
		{1334C90B-318E-4E24-81FE-A32C82F1FC07}.Release|x64.Build.0 = Release|Any CPU
		{1334C90B-318E-4E24-81FE-A32C82F1FC07}.Release|x86.ActiveCfg = Release|Any CPU
		{1334C90B-318E-4E24-81FE-A32C82F1FC07}.Release|x86.Build.0 = Release|Any CPU
		{B1AF5C6B-C1D4-4ED0-BFE8-7E5D82580CB8}.Debug|Any CPU.ActiveCfg = Debug|Any CPU
		{B1AF5C6B-C1D4-4ED0-BFE8-7E5D82580CB8}.Debug|Any CPU.Build.0 = Debug|Any CPU
		{B1AF5C6B-C1D4-4ED0-BFE8-7E5D82580CB8}.Debug|x64.ActiveCfg = Debug|Any CPU
		{B1AF5C6B-C1D4-4ED0-BFE8-7E5D82580CB8}.Debug|x64.Build.0 = Debug|Any CPU
		{B1AF5C6B-C1D4-4ED0-BFE8-7E5D82580CB8}.Debug|x86.ActiveCfg = Debug|Any CPU
		{B1AF5C6B-C1D4-4ED0-BFE8-7E5D82580CB8}.Debug|x86.Build.0 = Debug|Any CPU
		{B1AF5C6B-C1D4-4ED0-BFE8-7E5D82580CB8}.Release|Any CPU.ActiveCfg = Release|Any CPU
		{B1AF5C6B-C1D4-4ED0-BFE8-7E5D82580CB8}.Release|Any CPU.Build.0 = Release|Any CPU
		{B1AF5C6B-C1D4-4ED0-BFE8-7E5D82580CB8}.Release|x64.ActiveCfg = Release|Any CPU
		{B1AF5C6B-C1D4-4ED0-BFE8-7E5D82580CB8}.Release|x64.Build.0 = Release|Any CPU
		{B1AF5C6B-C1D4-4ED0-BFE8-7E5D82580CB8}.Release|x86.ActiveCfg = Release|Any CPU
		{B1AF5C6B-C1D4-4ED0-BFE8-7E5D82580CB8}.Release|x86.Build.0 = Release|Any CPU
		{98E7D849-ECEC-4ED6-92BB-6C930744CA9D}.Debug|Any CPU.ActiveCfg = Debug|Any CPU
		{98E7D849-ECEC-4ED6-92BB-6C930744CA9D}.Debug|Any CPU.Build.0 = Debug|Any CPU
		{98E7D849-ECEC-4ED6-92BB-6C930744CA9D}.Debug|x64.ActiveCfg = Debug|Any CPU
		{98E7D849-ECEC-4ED6-92BB-6C930744CA9D}.Debug|x64.Build.0 = Debug|Any CPU
		{98E7D849-ECEC-4ED6-92BB-6C930744CA9D}.Debug|x86.ActiveCfg = Debug|Any CPU
		{98E7D849-ECEC-4ED6-92BB-6C930744CA9D}.Debug|x86.Build.0 = Debug|Any CPU
		{98E7D849-ECEC-4ED6-92BB-6C930744CA9D}.Release|Any CPU.ActiveCfg = Release|Any CPU
		{98E7D849-ECEC-4ED6-92BB-6C930744CA9D}.Release|Any CPU.Build.0 = Release|Any CPU
		{98E7D849-ECEC-4ED6-92BB-6C930744CA9D}.Release|x64.ActiveCfg = Release|Any CPU
		{98E7D849-ECEC-4ED6-92BB-6C930744CA9D}.Release|x64.Build.0 = Release|Any CPU
		{98E7D849-ECEC-4ED6-92BB-6C930744CA9D}.Release|x86.ActiveCfg = Release|Any CPU
		{98E7D849-ECEC-4ED6-92BB-6C930744CA9D}.Release|x86.Build.0 = Release|Any CPU
		{4128CF9F-B550-4F03-87BB-95B39DD7FAF7}.Debug|Any CPU.ActiveCfg = Debug|Any CPU
		{4128CF9F-B550-4F03-87BB-95B39DD7FAF7}.Debug|Any CPU.Build.0 = Debug|Any CPU
		{4128CF9F-B550-4F03-87BB-95B39DD7FAF7}.Debug|x64.ActiveCfg = Debug|Any CPU
		{4128CF9F-B550-4F03-87BB-95B39DD7FAF7}.Debug|x64.Build.0 = Debug|Any CPU
		{4128CF9F-B550-4F03-87BB-95B39DD7FAF7}.Debug|x86.ActiveCfg = Debug|Any CPU
		{4128CF9F-B550-4F03-87BB-95B39DD7FAF7}.Debug|x86.Build.0 = Debug|Any CPU
		{4128CF9F-B550-4F03-87BB-95B39DD7FAF7}.Release|Any CPU.ActiveCfg = Release|Any CPU
		{4128CF9F-B550-4F03-87BB-95B39DD7FAF7}.Release|Any CPU.Build.0 = Release|Any CPU
		{4128CF9F-B550-4F03-87BB-95B39DD7FAF7}.Release|x64.ActiveCfg = Release|Any CPU
		{4128CF9F-B550-4F03-87BB-95B39DD7FAF7}.Release|x64.Build.0 = Release|Any CPU
		{4128CF9F-B550-4F03-87BB-95B39DD7FAF7}.Release|x86.ActiveCfg = Release|Any CPU
		{4128CF9F-B550-4F03-87BB-95B39DD7FAF7}.Release|x86.Build.0 = Release|Any CPU
		{6C82E365-BC96-4EBB-B04A-1654D05A6391}.Debug|Any CPU.ActiveCfg = Debug|Any CPU
		{6C82E365-BC96-4EBB-B04A-1654D05A6391}.Debug|Any CPU.Build.0 = Debug|Any CPU
		{6C82E365-BC96-4EBB-B04A-1654D05A6391}.Debug|x64.ActiveCfg = Debug|Any CPU
		{6C82E365-BC96-4EBB-B04A-1654D05A6391}.Debug|x64.Build.0 = Debug|Any CPU
		{6C82E365-BC96-4EBB-B04A-1654D05A6391}.Debug|x86.ActiveCfg = Debug|Any CPU
		{6C82E365-BC96-4EBB-B04A-1654D05A6391}.Debug|x86.Build.0 = Debug|Any CPU
		{6C82E365-BC96-4EBB-B04A-1654D05A6391}.Release|Any CPU.ActiveCfg = Release|Any CPU
		{6C82E365-BC96-4EBB-B04A-1654D05A6391}.Release|Any CPU.Build.0 = Release|Any CPU
		{6C82E365-BC96-4EBB-B04A-1654D05A6391}.Release|x64.ActiveCfg = Release|Any CPU
		{6C82E365-BC96-4EBB-B04A-1654D05A6391}.Release|x64.Build.0 = Release|Any CPU
		{6C82E365-BC96-4EBB-B04A-1654D05A6391}.Release|x86.ActiveCfg = Release|Any CPU
		{6C82E365-BC96-4EBB-B04A-1654D05A6391}.Release|x86.Build.0 = Release|Any CPU
	EndGlobalSection
	GlobalSection(SolutionProperties) = preSolution
		HideSolutionNode = FALSE
	EndGlobalSection
	GlobalSection(NestedProjects) = preSolution
		{2D123E21-8275-489F-8580-EC24471909C1} = {827E0CD3-B72D-47B6-A68D-7590B98EB39B}
		{A2CEBD0A-3A8D-4CF6-AA99-C9E5C851119F} = {827E0CD3-B72D-47B6-A68D-7590B98EB39B}
		{1334C90B-318E-4E24-81FE-A32C82F1FC07} = {827E0CD3-B72D-47B6-A68D-7590B98EB39B}
		{B1AF5C6B-C1D4-4ED0-BFE8-7E5D82580CB8} = {827E0CD3-B72D-47B6-A68D-7590B98EB39B}
		{98E7D849-ECEC-4ED6-92BB-6C930744CA9D} = {827E0CD3-B72D-47B6-A68D-7590B98EB39B}
		{4128CF9F-B550-4F03-87BB-95B39DD7FAF7} = {0AB3BF05-4346-4AA6-1389-037BE0695223}
		{6C82E365-BC96-4EBB-B04A-1654D05A6391} = {0AB3BF05-4346-4AA6-1389-037BE0695223}
	EndGlobalSection
EndGlobal
